
Microsoft Visual Studio Solution File, Format Version 12.00
# Visual Studio Version 16
VisualStudioVersion = 16.0.29418.71
MinimumVisualStudioVersion = 10.0.40219.1
Project("{FAE04EC0-301F-11D3-BF4B-00C04F79EFBC}") = "MvcMovie", "MvcMovie\MvcMovie.csproj", "{4C56FEDC-1DA1-42E0-B3BC-14088AA8782D}"
EndProject
Global
	GlobalSection(SolutionConfigurationPlatforms) = preSolution
		Debug|Any CPU = Debug|Any CPU
		Release|Any CPU = Release|Any CPU
	EndGlobalSection
	GlobalSection(ProjectConfigurationPlatforms) = postSolution
		{4C56FEDC-1DA1-42E0-B3BC-14088AA8782D}.Debug|Any CPU.ActiveCfg = Debug|Any CPU
		{4C56FEDC-1DA1-42E0-B3BC-14088AA8782D}.Debug|Any CPU.Build.0 = Debug|Any CPU
		{4C56FEDC-1DA1-42E0-B3BC-14088AA8782D}.Release|Any CPU.ActiveCfg = Release|Any CPU
		{4C56FEDC-1DA1-42E0-B3BC-14088AA8782D}.Release|Any CPU.Build.0 = Release|Any CPU
	EndGlobalSection
	GlobalSection(SolutionProperties) = preSolution
		HideSolutionNode = FALSE
	EndGlobalSection
	GlobalSection(ExtensibilityGlobals) = postSolution
		SolutionGuid = {8C3483DC-4D1D-45A0-995C-94CB72A3F98F}
	EndGlobalSection
EndGlobal
